// !$*UTF8*$!
{
	archiveVersion = 1;
	classes = {
	};
	objectVersion = 48;
	objects = {

/* Begin PBXBuildFile section */
		542B60F0202ACE0500E00CA5 /* AppDelegate.swift in Sources */ = {isa = PBXBuildFile; fileRef = 542B60EF202ACE0500E00CA5 /* AppDelegate.swift */; };
		542B60F2202ACE0500E00CA5 /* Map.swift in Sources */ = {isa = PBXBuildFile; fileRef = 542B60F1202ACE0500E00CA5 /* Map.swift */; };
		542B60F5202ACE0500E00CA5 /* Map.storyboard in Resources */ = {isa = PBXBuildFile; fileRef = 542B60F3202ACE0500E00CA5 /* Map.storyboard */; };
		542B60F7202ACE0500E00CA5 /* Assets.xcassets in Resources */ = {isa = PBXBuildFile; fileRef = 542B60F6202ACE0500E00CA5 /* Assets.xcassets */; };
		542B6105202ACE0500E00CA5 /* MappingTests.swift in Sources */ = {isa = PBXBuildFile; fileRef = 542B6104202ACE0500E00CA5 /* MappingTests.swift */; };
		542B6110202ACE0500E00CA5 /* MappingUITests.swift in Sources */ = {isa = PBXBuildFile; fileRef = 542B610F202ACE0500E00CA5 /* MappingUITests.swift */; };
		5453FAB6202AD0BB00B7BFD6 /* ReSwift.framework in Frameworks */ = {isa = PBXBuildFile; fileRef = 5453FAB5202AD0BB00B7BFD6 /* ReSwift.framework */; };
		5453FAB8202AD0CD00B7BFD6 /* ReSwift.framework in Embed Frameworks */ = {isa = PBXBuildFile; fileRef = 5453FAB5202AD0BB00B7BFD6 /* ReSwift.framework */; settings = {ATTRIBUTES = (CodeSignOnCopy, RemoveHeadersOnCopy, ); }; };
		5453FABC202AD16D00B7BFD6 /* MapReducer.swift in Sources */ = {isa = PBXBuildFile; fileRef = 5453FABB202AD16D00B7BFD6 /* MapReducer.swift */; };
		5453FABF202AD35D00B7BFD6 /* AppState.swift in Sources */ = {isa = PBXBuildFile; fileRef = 5453FABE202AD35D00B7BFD6 /* AppState.swift */; };
		5453FAC1202AD39C00B7BFD6 /* MapStates.swift in Sources */ = {isa = PBXBuildFile; fileRef = 5453FAC0202AD39C00B7BFD6 /* MapStates.swift */; };
		5453FAC5202ADAE900B7BFD6 /* MapActions.swift in Sources */ = {isa = PBXBuildFile; fileRef = 5453FAC4202ADAE900B7BFD6 /* MapActions.swift */; };
		5453FAC9202C22BF00B7BFD6 /* RxSwift.framework in Frameworks */ = {isa = PBXBuildFile; fileRef = 5453FAC7202C22B500B7BFD6 /* RxSwift.framework */; };
		5453FACA202C22BF00B7BFD6 /* RxSwift.framework in Embed Frameworks */ = {isa = PBXBuildFile; fileRef = 5453FAC7202C22B500B7BFD6 /* RxSwift.framework */; settings = {ATTRIBUTES = (CodeSignOnCopy, RemoveHeadersOnCopy, ); }; };
		545AB48E2065D02800FDF95B /* Navigation.swift in Sources */ = {isa = PBXBuildFile; fileRef = 545AB48D2065D02800FDF95B /* Navigation.swift */; };
		545AB4902065D0DB00FDF95B /* NavigationState.swift in Sources */ = {isa = PBXBuildFile; fileRef = 545AB48F2065D0DB00FDF95B /* NavigationState.swift */; };
		54865D7120679B1400851713 /* Profile.swift in Sources */ = {isa = PBXBuildFile; fileRef = 54865D7020679B1400851713 /* Profile.swift */; };
		549A45CA205F4CB4003D0ADF /* ReduxBind.swift in Sources */ = {isa = PBXBuildFile; fileRef = 549A45C9205F4CB4003D0ADF /* ReduxBind.swift */; };
		54DB690020676C9200AFFD02 /* Profile.storyboard in Resources */ = {isa = PBXBuildFile; fileRef = 54DB68FF20676C9200AFFD02 /* Profile.storyboard */; };
		54DB690220676D7F00AFFD02 /* NavigationActions.swift in Sources */ = {isa = PBXBuildFile; fileRef = 54DB690120676D7F00AFFD02 /* NavigationActions.swift */; };
		54DB690420676DF100AFFD02 /* StoryboardScenes.swift in Sources */ = {isa = PBXBuildFile; fileRef = 54DB690320676DF100AFFD02 /* StoryboardScenes.swift */; };
		54DB690620676E7300AFFD02 /* NavigationReducer.swift in Sources */ = {isa = PBXBuildFile; fileRef = 54DB690520676E7300AFFD02 /* NavigationReducer.swift */; };
/* End PBXBuildFile section */

/* Begin PBXContainerItemProxy section */
		542B6101202ACE0500E00CA5 /* PBXContainerItemProxy */ = {
			isa = PBXContainerItemProxy;
			containerPortal = 542B60E4202ACE0500E00CA5 /* Project object */;
			proxyType = 1;
			remoteGlobalIDString = 542B60EB202ACE0500E00CA5;
			remoteInfo = Mapping;
		};
		542B610C202ACE0500E00CA5 /* PBXContainerItemProxy */ = {
			isa = PBXContainerItemProxy;
			containerPortal = 542B60E4202ACE0500E00CA5 /* Project object */;
			proxyType = 1;
			remoteGlobalIDString = 542B60EB202ACE0500E00CA5;
			remoteInfo = Mapping;
		};
/* End PBXContainerItemProxy section */

/* Begin PBXCopyFilesBuildPhase section */
		542B6120202AD01B00E00CA5 /* Embed Frameworks */ = {
			isa = PBXCopyFilesBuildPhase;
			buildActionMask = 2147483647;
			dstPath = "";
			dstSubfolderSpec = 10;
			files = (
				5453FACA202C22BF00B7BFD6 /* RxSwift.framework in Embed Frameworks */,
				5453FAB8202AD0CD00B7BFD6 /* ReSwift.framework in Embed Frameworks */,
			);
			name = "Embed Frameworks";
			runOnlyForDeploymentPostprocessing = 0;
		};
/* End PBXCopyFilesBuildPhase section */

/* Begin PBXFileReference section */
		542B60EC202ACE0500E00CA5 /* Mapping.app */ = {isa = PBXFileReference; explicitFileType = wrapper.application; includeInIndex = 0; path = Mapping.app; sourceTree = BUILT_PRODUCTS_DIR; };
		542B60EF202ACE0500E00CA5 /* AppDelegate.swift */ = {isa = PBXFileReference; lastKnownFileType = sourcecode.swift; path = AppDelegate.swift; sourceTree = "<group>"; };
		542B60F1202ACE0500E00CA5 /* Map.swift */ = {isa = PBXFileReference; lastKnownFileType = sourcecode.swift; path = Map.swift; sourceTree = "<group>"; };
		542B60F4202ACE0500E00CA5 /* Base */ = {isa = PBXFileReference; lastKnownFileType = file.storyboard; name = Base; path = Base.lproj/Map.storyboard; sourceTree = "<group>"; };
		542B60F6202ACE0500E00CA5 /* Assets.xcassets */ = {isa = PBXFileReference; lastKnownFileType = folder.assetcatalog; path = Assets.xcassets; sourceTree = "<group>"; };
		542B60FB202ACE0500E00CA5 /* Info.plist */ = {isa = PBXFileReference; lastKnownFileType = text.plist.xml; path = Info.plist; sourceTree = "<group>"; };
		542B6100202ACE0500E00CA5 /* MappingTests.xctest */ = {isa = PBXFileReference; explicitFileType = wrapper.cfbundle; includeInIndex = 0; path = MappingTests.xctest; sourceTree = BUILT_PRODUCTS_DIR; };
		542B6104202ACE0500E00CA5 /* MappingTests.swift */ = {isa = PBXFileReference; lastKnownFileType = sourcecode.swift; path = MappingTests.swift; sourceTree = "<group>"; };
		542B6106202ACE0500E00CA5 /* Info.plist */ = {isa = PBXFileReference; lastKnownFileType = text.plist.xml; path = Info.plist; sourceTree = "<group>"; };
		542B610B202ACE0500E00CA5 /* MappingUITests.xctest */ = {isa = PBXFileReference; explicitFileType = wrapper.cfbundle; includeInIndex = 0; path = MappingUITests.xctest; sourceTree = BUILT_PRODUCTS_DIR; };
		542B610F202ACE0500E00CA5 /* MappingUITests.swift */ = {isa = PBXFileReference; lastKnownFileType = sourcecode.swift; path = MappingUITests.swift; sourceTree = "<group>"; };
		542B6111202ACE0500E00CA5 /* Info.plist */ = {isa = PBXFileReference; lastKnownFileType = text.plist.xml; path = Info.plist; sourceTree = "<group>"; };
		5453FAB5202AD0BB00B7BFD6 /* ReSwift.framework */ = {isa = PBXFileReference; lastKnownFileType = wrapper.framework; path = ReSwift.framework; sourceTree = "<group>"; };
		5453FABB202AD16D00B7BFD6 /* MapReducer.swift */ = {isa = PBXFileReference; lastKnownFileType = sourcecode.swift; path = MapReducer.swift; sourceTree = "<group>"; };
		5453FABE202AD35D00B7BFD6 /* AppState.swift */ = {isa = PBXFileReference; lastKnownFileType = sourcecode.swift; path = AppState.swift; sourceTree = "<group>"; };
		5453FAC0202AD39C00B7BFD6 /* MapStates.swift */ = {isa = PBXFileReference; lastKnownFileType = sourcecode.swift; path = MapStates.swift; sourceTree = "<group>"; };
		5453FAC4202ADAE900B7BFD6 /* MapActions.swift */ = {isa = PBXFileReference; lastKnownFileType = sourcecode.swift; path = MapActions.swift; sourceTree = "<group>"; };
		5453FAC7202C22B500B7BFD6 /* RxSwift.framework */ = {isa = PBXFileReference; lastKnownFileType = wrapper.framework; path = RxSwift.framework; sourceTree = "<group>"; };
		545AB48D2065D02800FDF95B /* Navigation.swift */ = {isa = PBXFileReference; lastKnownFileType = sourcecode.swift; path = Navigation.swift; sourceTree = "<group>"; };
		545AB48F2065D0DB00FDF95B /* NavigationState.swift */ = {isa = PBXFileReference; lastKnownFileType = sourcecode.swift; path = NavigationState.swift; sourceTree = "<group>"; };
		54865D7020679B1400851713 /* Profile.swift */ = {isa = PBXFileReference; lastKnownFileType = sourcecode.swift; path = Profile.swift; sourceTree = "<group>"; };
		549A45C9205F4CB4003D0ADF /* ReduxBind.swift */ = {isa = PBXFileReference; lastKnownFileType = sourcecode.swift; path = ReduxBind.swift; sourceTree = "<group>"; };
		54DB68FF20676C9200AFFD02 /* Profile.storyboard */ = {isa = PBXFileReference; lastKnownFileType = file.storyboard; path = Profile.storyboard; sourceTree = "<group>"; };
		54DB690120676D7F00AFFD02 /* NavigationActions.swift */ = {isa = PBXFileReference; lastKnownFileType = sourcecode.swift; path = NavigationActions.swift; sourceTree = "<group>"; };
		54DB690320676DF100AFFD02 /* StoryboardScenes.swift */ = {isa = PBXFileReference; lastKnownFileType = sourcecode.swift; path = StoryboardScenes.swift; sourceTree = "<group>"; };
		54DB690520676E7300AFFD02 /* NavigationReducer.swift */ = {isa = PBXFileReference; lastKnownFileType = sourcecode.swift; path = NavigationReducer.swift; sourceTree = "<group>"; };
/* End PBXFileReference section */

/* Begin PBXFrameworksBuildPhase section */
		542B60E9202ACE0500E00CA5 /* Frameworks */ = {
			isa = PBXFrameworksBuildPhase;
			buildActionMask = 2147483647;
			files = (
				5453FAB6202AD0BB00B7BFD6 /* ReSwift.framework in Frameworks */,
				5453FAC9202C22BF00B7BFD6 /* RxSwift.framework in Frameworks */,
			);
			runOnlyForDeploymentPostprocessing = 0;
		};
		542B60FD202ACE0500E00CA5 /* Frameworks */ = {
			isa = PBXFrameworksBuildPhase;
			buildActionMask = 2147483647;
			files = (
			);
			runOnlyForDeploymentPostprocessing = 0;
		};
		542B6108202ACE0500E00CA5 /* Frameworks */ = {
			isa = PBXFrameworksBuildPhase;
			buildActionMask = 2147483647;
			files = (
			);
			runOnlyForDeploymentPostprocessing = 0;
		};
/* End PBXFrameworksBuildPhase section */

/* Begin PBXGroup section */
		542B60E3202ACE0500E00CA5 = {
			isa = PBXGroup;
			children = (
				542B6121202AD04400E00CA5 /* Frameworks */,
				542B60EE202ACE0500E00CA5 /* Mapping */,
				542B6103202ACE0500E00CA5 /* MappingTests */,
				542B610E202ACE0500E00CA5 /* MappingUITests */,
				542B60ED202ACE0500E00CA5 /* Products */,
			);
			sourceTree = "<group>";
		};
		542B60ED202ACE0500E00CA5 /* Products */ = {
			isa = PBXGroup;
			children = (
				542B60EC202ACE0500E00CA5 /* Mapping.app */,
				542B6100202ACE0500E00CA5 /* MappingTests.xctest */,
				542B610B202ACE0500E00CA5 /* MappingUITests.xctest */,
			);
			name = Products;
			sourceTree = "<group>";
		};
		542B60EE202ACE0500E00CA5 /* Mapping */ = {
			isa = PBXGroup;
			children = (
				542B60EF202ACE0500E00CA5 /* AppDelegate.swift */,
				5453FABE202AD35D00B7BFD6 /* AppState.swift */,
				545AB48C2065CFD600FDF95B /* Navigation */,
				5453FAB9202AD14100B7BFD6 /* Map */,
				54DB68FE20676C7C00AFFD02 /* Profile */,
				542B60F6202ACE0500E00CA5 /* Assets.xcassets */,
				542B60FB202ACE0500E00CA5 /* Info.plist */,
				549A45C9205F4CB4003D0ADF /* ReduxBind.swift */,
				54DB690320676DF100AFFD02 /* StoryboardScenes.swift */,
			);
			path = Mapping;
			sourceTree = "<group>";
		};
		542B6103202ACE0500E00CA5 /* MappingTests */ = {
			isa = PBXGroup;
			children = (
				542B6104202ACE0500E00CA5 /* MappingTests.swift */,
				542B6106202ACE0500E00CA5 /* Info.plist */,
			);
			path = MappingTests;
			sourceTree = "<group>";
		};
		542B610E202ACE0500E00CA5 /* MappingUITests */ = {
			isa = PBXGroup;
			children = (
				542B610F202ACE0500E00CA5 /* MappingUITests.swift */,
				542B6111202ACE0500E00CA5 /* Info.plist */,
			);
			path = MappingUITests;
			sourceTree = "<group>";
		};
		542B6121202AD04400E00CA5 /* Frameworks */ = {
			isa = PBXGroup;
			children = (
				5453FAC7202C22B500B7BFD6 /* RxSwift.framework */,
				5453FAB5202AD0BB00B7BFD6 /* ReSwift.framework */,
			);
			path = Frameworks;
			sourceTree = "<group>";
		};
		5453FAB9202AD14100B7BFD6 /* Map */ = {
			isa = PBXGroup;
			children = (
				5453FAC0202AD39C00B7BFD6 /* MapStates.swift */,
				5453FABB202AD16D00B7BFD6 /* MapReducer.swift */,
				5453FAC4202ADAE900B7BFD6 /* MapActions.swift */,
				542B60F1202ACE0500E00CA5 /* Map.swift */,
				542B60F3202ACE0500E00CA5 /* Map.storyboard */,
			);
			path = Map;
			sourceTree = "<group>";
		};
		545AB48C2065CFD600FDF95B /* Navigation */ = {
			isa = PBXGroup;
			children = (
				545AB48D2065D02800FDF95B /* Navigation.swift */,
				545AB48F2065D0DB00FDF95B /* NavigationState.swift */,
				54DB690120676D7F00AFFD02 /* NavigationActions.swift */,
				54DB690520676E7300AFFD02 /* NavigationReducer.swift */,
			);
			path = Navigation;
			sourceTree = "<group>";
		};
		54DB68FE20676C7C00AFFD02 /* Profile */ = {
			isa = PBXGroup;
			children = (
				54DB68FF20676C9200AFFD02 /* Profile.storyboard */,
				54865D7020679B1400851713 /* Profile.swift */,
			);
			path = Profile;
			sourceTree = "<group>";
		};
/* End PBXGroup section */

/* Begin PBXNativeTarget section */
		542B60EB202ACE0500E00CA5 /* Mapping */ = {
			isa = PBXNativeTarget;
			buildConfigurationList = 542B6114202ACE0500E00CA5 /* Build configuration list for PBXNativeTarget "Mapping" */;
			buildPhases = (
				542B60E8202ACE0500E00CA5 /* Sources */,
				542B60E9202ACE0500E00CA5 /* Frameworks */,
				542B60EA202ACE0500E00CA5 /* Resources */,
				542B6120202AD01B00E00CA5 /* Embed Frameworks */,
			);
			buildRules = (
			);
			dependencies = (
			);
			name = Mapping;
			productName = Mapping;
			productReference = 542B60EC202ACE0500E00CA5 /* Mapping.app */;
			productType = "com.apple.product-type.application";
		};
		542B60FF202ACE0500E00CA5 /* MappingTests */ = {
			isa = PBXNativeTarget;
			buildConfigurationList = 542B6117202ACE0500E00CA5 /* Build configuration list for PBXNativeTarget "MappingTests" */;
			buildPhases = (
				542B60FC202ACE0500E00CA5 /* Sources */,
				542B60FD202ACE0500E00CA5 /* Frameworks */,
				542B60FE202ACE0500E00CA5 /* Resources */,
			);
			buildRules = (
			);
			dependencies = (
				542B6102202ACE0500E00CA5 /* PBXTargetDependency */,
			);
			name = MappingTests;
			productName = MappingTests;
			productReference = 542B6100202ACE0500E00CA5 /* MappingTests.xctest */;
			productType = "com.apple.product-type.bundle.unit-test";
		};
		542B610A202ACE0500E00CA5 /* MappingUITests */ = {
			isa = PBXNativeTarget;
			buildConfigurationList = 542B611A202ACE0500E00CA5 /* Build configuration list for PBXNativeTarget "MappingUITests" */;
			buildPhases = (
				542B6107202ACE0500E00CA5 /* Sources */,
				542B6108202ACE0500E00CA5 /* Frameworks */,
				542B6109202ACE0500E00CA5 /* Resources */,
			);
			buildRules = (
			);
			dependencies = (
				542B610D202ACE0500E00CA5 /* PBXTargetDependency */,
			);
			name = MappingUITests;
			productName = MappingUITests;
			productReference = 542B610B202ACE0500E00CA5 /* MappingUITests.xctest */;
			productType = "com.apple.product-type.bundle.ui-testing";
		};
/* End PBXNativeTarget section */

/* Begin PBXProject section */
		542B60E4202ACE0500E00CA5 /* Project object */ = {
			isa = PBXProject;
			attributes = {
				LastSwiftUpdateCheck = 0920;
				LastUpgradeCheck = 0920;
				ORGANIZATIONNAME = "Andrei Villasana";
				TargetAttributes = {
					542B60EB202ACE0500E00CA5 = {
						CreatedOnToolsVersion = 9.2;
						ProvisioningStyle = Automatic;
					};
					542B60FF202ACE0500E00CA5 = {
						CreatedOnToolsVersion = 9.2;
						ProvisioningStyle = Automatic;
						TestTargetID = 542B60EB202ACE0500E00CA5;
					};
					542B610A202ACE0500E00CA5 = {
						CreatedOnToolsVersion = 9.2;
						ProvisioningStyle = Automatic;
						TestTargetID = 542B60EB202ACE0500E00CA5;
					};
				};
			};
			buildConfigurationList = 542B60E7202ACE0500E00CA5 /* Build configuration list for PBXProject "Mapping" */;
			compatibilityVersion = "Xcode 8.0";
			developmentRegion = en;
			hasScannedForEncodings = 0;
			knownRegions = (
				en,
				Base,
			);
			mainGroup = 542B60E3202ACE0500E00CA5;
			productRefGroup = 542B60ED202ACE0500E00CA5 /* Products */;
			projectDirPath = "";
			projectRoot = "";
			targets = (
				542B60EB202ACE0500E00CA5 /* Mapping */,
				542B60FF202ACE0500E00CA5 /* MappingTests */,
				542B610A202ACE0500E00CA5 /* MappingUITests */,
			);
		};
/* End PBXProject section */

/* Begin PBXResourcesBuildPhase section */
		542B60EA202ACE0500E00CA5 /* Resources */ = {
			isa = PBXResourcesBuildPhase;
			buildActionMask = 2147483647;
			files = (
				542B60F7202ACE0500E00CA5 /* Assets.xcassets in Resources */,
				54DB690020676C9200AFFD02 /* Profile.storyboard in Resources */,
				542B60F5202ACE0500E00CA5 /* Map.storyboard in Resources */,
			);
			runOnlyForDeploymentPostprocessing = 0;
		};
		542B60FE202ACE0500E00CA5 /* Resources */ = {
			isa = PBXResourcesBuildPhase;
			buildActionMask = 2147483647;
			files = (
			);
			runOnlyForDeploymentPostprocessing = 0;
		};
		542B6109202ACE0500E00CA5 /* Resources */ = {
			isa = PBXResourcesBuildPhase;
			buildActionMask = 2147483647;
			files = (
			);
			runOnlyForDeploymentPostprocessing = 0;
		};
/* End PBXResourcesBuildPhase section */

/* Begin PBXSourcesBuildPhase section */
		542B60E8202ACE0500E00CA5 /* Sources */ = {
			isa = PBXSourcesBuildPhase;
			buildActionMask = 2147483647;
			files = (
				5453FABC202AD16D00B7BFD6 /* MapReducer.swift in Sources */,
				542B60F2202ACE0500E00CA5 /* Map.swift in Sources */,
				542B60F0202ACE0500E00CA5 /* AppDelegate.swift in Sources */,
				54865D7120679B1400851713 /* Profile.swift in Sources */,
				54DB690620676E7300AFFD02 /* NavigationReducer.swift in Sources */,
				5453FABF202AD35D00B7BFD6 /* AppState.swift in Sources */,
				5453FAC1202AD39C00B7BFD6 /* MapStates.swift in Sources */,
				545AB48E2065D02800FDF95B /* Navigation.swift in Sources */,
				5453FAC5202ADAE900B7BFD6 /* MapActions.swift in Sources */,
				54DB690220676D7F00AFFD02 /* NavigationActions.swift in Sources */,
				549A45CA205F4CB4003D0ADF /* ReduxBind.swift in Sources */,
				545AB4902065D0DB00FDF95B /* NavigationState.swift in Sources */,
				54DB690420676DF100AFFD02 /* StoryboardScenes.swift in Sources */,
			);
			runOnlyForDeploymentPostprocessing = 0;
		};
		542B60FC202ACE0500E00CA5 /* Sources */ = {
			isa = PBXSourcesBuildPhase;
			buildActionMask = 2147483647;
			files = (
				542B6105202ACE0500E00CA5 /* MappingTests.swift in Sources */,
			);
			runOnlyForDeploymentPostprocessing = 0;
		};
		542B6107202ACE0500E00CA5 /* Sources */ = {
			isa = PBXSourcesBuildPhase;
			buildActionMask = 2147483647;
			files = (
				542B6110202ACE0500E00CA5 /* MappingUITests.swift in Sources */,
			);
			runOnlyForDeploymentPostprocessing = 0;
		};
/* End PBXSourcesBuildPhase section */

/* Begin PBXTargetDependency section */
		542B6102202ACE0500E00CA5 /* PBXTargetDependency */ = {
			isa = PBXTargetDependency;
			target = 542B60EB202ACE0500E00CA5 /* Mapping */;
			targetProxy = 542B6101202ACE0500E00CA5 /* PBXContainerItemProxy */;
		};
		542B610D202ACE0500E00CA5 /* PBXTargetDependency */ = {
			isa = PBXTargetDependency;
			target = 542B60EB202ACE0500E00CA5 /* Mapping */;
			targetProxy = 542B610C202ACE0500E00CA5 /* PBXContainerItemProxy */;
		};
/* End PBXTargetDependency section */

/* Begin PBXVariantGroup section */
		542B60F3202ACE0500E00CA5 /* Map.storyboard */ = {
			isa = PBXVariantGroup;
			children = (
				542B60F4202ACE0500E00CA5 /* Base */,
			);
			name = Map.storyboard;
			sourceTree = "<group>";
		};
/* End PBXVariantGroup section */

/* Begin XCBuildConfiguration section */
		542B6112202ACE0500E00CA5 /* Debug */ = {
			isa = XCBuildConfiguration;
			buildSettings = {
				ALWAYS_SEARCH_USER_PATHS = NO;
				CLANG_ANALYZER_NONNULL = YES;
				CLANG_ANALYZER_NUMBER_OBJECT_CONVERSION = YES_AGGRESSIVE;
				CLANG_CXX_LANGUAGE_STANDARD = "gnu++14";
				CLANG_CXX_LIBRARY = "libc++";
				CLANG_ENABLE_MODULES = YES;
				CLANG_ENABLE_OBJC_ARC = YES;
				CLANG_WARN_BLOCK_CAPTURE_AUTORELEASING = YES;
				CLANG_WARN_BOOL_CONVERSION = YES;
				CLANG_WARN_COMMA = YES;
				CLANG_WARN_CONSTANT_CONVERSION = YES;
				CLANG_WARN_DIRECT_OBJC_ISA_USAGE = YES_ERROR;
				CLANG_WARN_DOCUMENTATION_COMMENTS = YES;
				CLANG_WARN_EMPTY_BODY = YES;
				CLANG_WARN_ENUM_CONVERSION = YES;
				CLANG_WARN_INFINITE_RECURSION = YES;
				CLANG_WARN_INT_CONVERSION = YES;
				CLANG_WARN_NON_LITERAL_NULL_CONVERSION = YES;
				CLANG_WARN_OBJC_LITERAL_CONVERSION = YES;
				CLANG_WARN_OBJC_ROOT_CLASS = YES_ERROR;
				CLANG_WARN_RANGE_LOOP_ANALYSIS = YES;
				CLANG_WARN_STRICT_PROTOTYPES = YES;
				CLANG_WARN_SUSPICIOUS_MOVE = YES;
				CLANG_WARN_UNGUARDED_AVAILABILITY = YES_AGGRESSIVE;
				CLANG_WARN_UNREACHABLE_CODE = YES;
				CLANG_WARN__DUPLICATE_METHOD_MATCH = YES;
				CODE_SIGN_IDENTITY = "iPhone Developer";
				COPY_PHASE_STRIP = NO;
				DEBUG_INFORMATION_FORMAT = dwarf;
				ENABLE_STRICT_OBJC_MSGSEND = YES;
				ENABLE_TESTABILITY = YES;
				GCC_C_LANGUAGE_STANDARD = gnu11;
				GCC_DYNAMIC_NO_PIC = NO;
				GCC_NO_COMMON_BLOCKS = YES;
				GCC_OPTIMIZATION_LEVEL = 0;
				GCC_PREPROCESSOR_DEFINITIONS = (
					"DEBUG=1",
					"$(inherited)",
				);
				GCC_WARN_64_TO_32_BIT_CONVERSION = YES;
				GCC_WARN_ABOUT_RETURN_TYPE = YES_ERROR;
				GCC_WARN_UNDECLARED_SELECTOR = YES;
				GCC_WARN_UNINITIALIZED_AUTOS = YES_AGGRESSIVE;
				GCC_WARN_UNUSED_FUNCTION = YES;
				GCC_WARN_UNUSED_VARIABLE = YES;
				IPHONEOS_DEPLOYMENT_TARGET = 11.2;
				MTL_ENABLE_DEBUG_INFO = YES;
				ONLY_ACTIVE_ARCH = YES;
				SDKROOT = iphoneos;
				SWIFT_ACTIVE_COMPILATION_CONDITIONS = DEBUG;
				SWIFT_OPTIMIZATION_LEVEL = "-Onone";
			};
			name = Debug;
		};
		542B6113202ACE0500E00CA5 /* Release */ = {
			isa = XCBuildConfiguration;
			buildSettings = {
				ALWAYS_SEARCH_USER_PATHS = NO;
				CLANG_ANALYZER_NONNULL = YES;
				CLANG_ANALYZER_NUMBER_OBJECT_CONVERSION = YES_AGGRESSIVE;
				CLANG_CXX_LANGUAGE_STANDARD = "gnu++14";
				CLANG_CXX_LIBRARY = "libc++";
				CLANG_ENABLE_MODULES = YES;
				CLANG_ENABLE_OBJC_ARC = YES;
				CLANG_WARN_BLOCK_CAPTURE_AUTORELEASING = YES;
				CLANG_WARN_BOOL_CONVERSION = YES;
				CLANG_WARN_COMMA = YES;
				CLANG_WARN_CONSTANT_CONVERSION = YES;
				CLANG_WARN_DIRECT_OBJC_ISA_USAGE = YES_ERROR;
				CLANG_WARN_DOCUMENTATION_COMMENTS = YES;
				CLANG_WARN_EMPTY_BODY = YES;
				CLANG_WARN_ENUM_CONVERSION = YES;
				CLANG_WARN_INFINITE_RECURSION = YES;
				CLANG_WARN_INT_CONVERSION = YES;
				CLANG_WARN_NON_LITERAL_NULL_CONVERSION = YES;
				CLANG_WARN_OBJC_LITERAL_CONVERSION = YES;
				CLANG_WARN_OBJC_ROOT_CLASS = YES_ERROR;
				CLANG_WARN_RANGE_LOOP_ANALYSIS = YES;
				CLANG_WARN_STRICT_PROTOTYPES = YES;
				CLANG_WARN_SUSPICIOUS_MOVE = YES;
				CLANG_WARN_UNGUARDED_AVAILABILITY = YES_AGGRESSIVE;
				CLANG_WARN_UNREACHABLE_CODE = YES;
				CLANG_WARN__DUPLICATE_METHOD_MATCH = YES;
				CODE_SIGN_IDENTITY = "iPhone Developer";
				COPY_PHASE_STRIP = NO;
				DEBUG_INFORMATION_FORMAT = "dwarf-with-dsym";
				ENABLE_NS_ASSERTIONS = NO;
				ENABLE_STRICT_OBJC_MSGSEND = YES;
				GCC_C_LANGUAGE_STANDARD = gnu11;
				GCC_NO_COMMON_BLOCKS = YES;
				GCC_WARN_64_TO_32_BIT_CONVERSION = YES;
				GCC_WARN_ABOUT_RETURN_TYPE = YES_ERROR;
				GCC_WARN_UNDECLARED_SELECTOR = YES;
				GCC_WARN_UNINITIALIZED_AUTOS = YES_AGGRESSIVE;
				GCC_WARN_UNUSED_FUNCTION = YES;
				GCC_WARN_UNUSED_VARIABLE = YES;
				IPHONEOS_DEPLOYMENT_TARGET = 11.2;
				MTL_ENABLE_DEBUG_INFO = NO;
				SDKROOT = iphoneos;
				SWIFT_OPTIMIZATION_LEVEL = "-Owholemodule";
				VALIDATE_PRODUCT = YES;
			};
			name = Release;
		};
		542B6115202ACE0500E00CA5 /* Debug */ = {
			isa = XCBuildConfiguration;
			buildSettings = {
				ASSETCATALOG_COMPILER_APPICON_NAME = AppIcon;
				CODE_SIGN_STYLE = Automatic;
				DEVELOPMENT_TEAM = BJE27J35HP;
				FRAMEWORK_SEARCH_PATHS = (
					"$(inherited)",
					"$(PROJECT_DIR)/Carthage/Build/iOS",
					"$(PROJECT_DIR)/Frameworks",
				);
				INFOPLIST_FILE = Mapping/Info.plist;
				LD_RUNPATH_SEARCH_PATHS = "$(inherited) @executable_path/Frameworks";
				PRODUCT_BUNDLE_IDENTIFIER = com.colourhood.Mapping;
				PRODUCT_NAME = "$(TARGET_NAME)";
				SWIFT_OPTIMIZATION_LEVEL = "-Onone";
				SWIFT_VERSION = 4.0;
				TARGETED_DEVICE_FAMILY = "1,2";
			};
			name = Debug;
		};
		542B6116202ACE0500E00CA5 /* Release */ = {
			isa = XCBuildConfiguration;
			buildSettings = {
				ASSETCATALOG_COMPILER_APPICON_NAME = AppIcon;
				CODE_SIGN_STYLE = Automatic;
				DEVELOPMENT_TEAM = BJE27J35HP;
				FRAMEWORK_SEARCH_PATHS = (
					"$(inherited)",
					"$(PROJECT_DIR)/Carthage/Build/iOS",
					"$(PROJECT_DIR)/Frameworks",
				);
				INFOPLIST_FILE = Mapping/Info.plist;
				LD_RUNPATH_SEARCH_PATHS = "$(inherited) @executable_path/Frameworks";
				PRODUCT_BUNDLE_IDENTIFIER = com.colourhood.Mapping;
				PRODUCT_NAME = "$(TARGET_NAME)";
				SWIFT_VERSION = 4.0;
				TARGETED_DEVICE_FAMILY = "1,2";
			};
			name = Release;
		};
		542B6118202ACE0500E00CA5 /* Debug */ = {
			isa = XCBuildConfiguration;
			buildSettings = {
				ALWAYS_EMBED_SWIFT_STANDARD_LIBRARIES = YES;
				BUNDLE_LOADER = "$(TEST_HOST)";
				CODE_SIGN_STYLE = Automatic;
				DEVELOPMENT_TEAM = BJE27J35HP;
				INFOPLIST_FILE = MappingTests/Info.plist;
				LD_RUNPATH_SEARCH_PATHS = "$(inherited) @executable_path/Frameworks @loader_path/Frameworks";
				PRODUCT_BUNDLE_IDENTIFIER = com.colourhood.MappingTests;
				PRODUCT_NAME = "$(TARGET_NAME)";
				SWIFT_VERSION = 4.0;
				TARGETED_DEVICE_FAMILY = "1,2";
				TEST_HOST = "$(BUILT_PRODUCTS_DIR)/Mapping.app/Mapping";
			};
			name = Debug;
		};
		542B6119202ACE0500E00CA5 /* Release */ = {
			isa = XCBuildConfiguration;
			buildSettings = {
				ALWAYS_EMBED_SWIFT_STANDARD_LIBRARIES = YES;
				BUNDLE_LOADER = "$(TEST_HOST)";
				CODE_SIGN_STYLE = Automatic;
				DEVELOPMENT_TEAM = BJE27J35HP;
				INFOPLIST_FILE = MappingTests/Info.plist;
				LD_RUNPATH_SEARCH_PATHS = "$(inherited) @executable_path/Frameworks @loader_path/Frameworks";
				PRODUCT_BUNDLE_IDENTIFIER = com.colourhood.MappingTests;
				PRODUCT_NAME = "$(TARGET_NAME)";
				SWIFT_VERSION = 4.0;
				TARGETED_DEVICE_FAMILY = "1,2";
				TEST_HOST = "$(BUILT_PRODUCTS_DIR)/Mapping.app/Mapping";
			};
			name = Release;
		};
		542B611B202ACE0500E00CA5 /* Debug */ = {
			isa = XCBuildConfiguration;
			buildSettings = {
				ALWAYS_EMBED_SWIFT_STANDARD_LIBRARIES = YES;
				CODE_SIGN_STYLE = Automatic;
				DEVELOPMENT_TEAM = BJE27J35HP;
				INFOPLIST_FILE = MappingUITests/Info.plist;
				LD_RUNPATH_SEARCH_PATHS = "$(inherited) @executable_path/Frameworks @loader_path/Frameworks";
				PRODUCT_BUNDLE_IDENTIFIER = com.colourhood.MappingUITests;
				PRODUCT_NAME = "$(TARGET_NAME)";
				SWIFT_VERSION = 4.0;
				TARGETED_DEVICE_FAMILY = "1,2";
				TEST_TARGET_NAME = Mapping;
			};
			name = Debug;
		};
		542B611C202ACE0500E00CA5 /* Release */ = {
			isa = XCBuildConfiguration;
			buildSettings = {
				ALWAYS_EMBED_SWIFT_STANDARD_LIBRARIES = YES;
				CODE_SIGN_STYLE = Automatic;
				DEVELOPMENT_TEAM = BJE27J35HP;
				INFOPLIST_FILE = MappingUITests/Info.plist;
				LD_RUNPATH_SEARCH_PATHS = "$(inherited) @executable_path/Frameworks @loader_path/Frameworks";
				PRODUCT_BUNDLE_IDENTIFIER = com.colourhood.MappingUITests;
				PRODUCT_NAME = "$(TARGET_NAME)";
				SWIFT_VERSION = 4.0;
				TARGETED_DEVICE_FAMILY = "1,2";
				TEST_TARGET_NAME = Mapping;
			};
			name = Release;
		};
/* End XCBuildConfiguration section */

/* Begin XCConfigurationList section */
		542B60E7202ACE0500E00CA5 /* Build configuration list for PBXProject "Mapping" */ = {
			isa = XCConfigurationList;
			buildConfigurations = (
				542B6112202ACE0500E00CA5 /* Debug */,
				542B6113202ACE0500E00CA5 /* Release */,
			);
			defaultConfigurationIsVisible = 0;
			defaultConfigurationName = Release;
		};
		542B6114202ACE0500E00CA5 /* Build configuration list for PBXNativeTarget "Mapping" */ = {
			isa = XCConfigurationList;
			buildConfigurations = (
				542B6115202ACE0500E00CA5 /* Debug */,
				542B6116202ACE0500E00CA5 /* Release */,
			);
			defaultConfigurationIsVisible = 0;
			defaultConfigurationName = Release;
		};
		542B6117202ACE0500E00CA5 /* Build configuration list for PBXNativeTarget "MappingTests" */ = {
			isa = XCConfigurationList;
			buildConfigurations = (
				542B6118202ACE0500E00CA5 /* Debug */,
				542B6119202ACE0500E00CA5 /* Release */,
			);
			defaultConfigurationIsVisible = 0;
			defaultConfigurationName = Release;
		};
		542B611A202ACE0500E00CA5 /* Build configuration list for PBXNativeTarget "MappingUITests" */ = {
			isa = XCConfigurationList;
			buildConfigurations = (
				542B611B202ACE0500E00CA5 /* Debug */,
				542B611C202ACE0500E00CA5 /* Release */,
			);
			defaultConfigurationIsVisible = 0;
			defaultConfigurationName = Release;
		};
/* End XCConfigurationList section */
	};
	rootObject = 542B60E4202ACE0500E00CA5 /* Project object */;
}
