// !$*UTF8*$!
{
	archiveVersion = 1;
	classes = {
	};
	objectVersion = 48;
	objects = {

/* Begin PBXBuildFile section */
		542B60F0202ACE0500E00CA5 /* AppDelegate.swift in Sources */ = {isa = PBXBuildFile; fileRef = 542B60EF202ACE0500E00CA5 /* AppDelegate.swift */; };
		542B60F2202ACE0500E00CA5 /* ViewController.swift in Sources */ = {isa = PBXBuildFile; fileRef = 542B60F1202ACE0500E00CA5 /* ViewController.swift */; };
		542B60F5202ACE0500E00CA5 /* Main.storyboard in Resources */ = {isa = PBXBuildFile; fileRef = 542B60F3202ACE0500E00CA5 /* Main.storyboard */; };
		542B60F7202ACE0500E00CA5 /* Assets.xcassets in Resources */ = {isa = PBXBuildFile; fileRef = 542B60F6202ACE0500E00CA5 /* Assets.xcassets */; };
		542B60FA202ACE0500E00CA5 /* LaunchScreen.storyboard in Resources */ = {isa = PBXBuildFile; fileRef = 542B60F8202ACE0500E00CA5 /* LaunchScreen.storyboard */; };
		542B6105202ACE0500E00CA5 /* MappingTests.swift in Sources */ = {isa = PBXBuildFile; fileRef = 542B6104202ACE0500E00CA5 /* MappingTests.swift */; };
		542B6110202ACE0500E00CA5 /* MappingUITests.swift in Sources */ = {isa = PBXBuildFile; fileRef = 542B610F202ACE0500E00CA5 /* MappingUITests.swift */; };
/* End PBXBuildFile section */

/* Begin PBXContainerItemProxy section */
		542B6101202ACE0500E00CA5 /* PBXContainerItemProxy */ = {
			isa = PBXContainerItemProxy;
			containerPortal = 542B60E4202ACE0500E00CA5 /* Project object */;
			proxyType = 1;
			remoteGlobalIDString = 542B60EB202ACE0500E00CA5;
			remoteInfo = Mapping;
		};
		542B610C202ACE0500E00CA5 /* PBXContainerItemProxy */ = {
			isa = PBXContainerItemProxy;
			containerPortal = 542B60E4202ACE0500E00CA5 /* Project object */;
			proxyType = 1;
			remoteGlobalIDString = 542B60EB202ACE0500E00CA5;
			remoteInfo = Mapping;
		};
/* End PBXContainerItemProxy section */

/* Begin PBXFileReference section */
		542B60EC202ACE0500E00CA5 /* Mapping.app */ = {isa = PBXFileReference; explicitFileType = wrapper.application; includeInIndex = 0; path = Mapping.app; sourceTree = BUILT_PRODUCTS_DIR; };
		542B60EF202ACE0500E00CA5 /* AppDelegate.swift */ = {isa = PBXFileReference; lastKnownFileType = sourcecode.swift; path = AppDelegate.swift; sourceTree = "<group>"; };
		542B60F1202ACE0500E00CA5 /* ViewController.swift */ = {isa = PBXFileReference; lastKnownFileType = sourcecode.swift; path = ViewController.swift; sourceTree = "<group>"; };
		542B60F4202ACE0500E00CA5 /* Base */ = {isa = PBXFileReference; lastKnownFileType = file.storyboard; name = Base; path = Base.lproj/Main.storyboard; sourceTree = "<group>"; };
		542B60F6202ACE0500E00CA5 /* Assets.xcassets */ = {isa = PBXFileReference; lastKnownFileType = folder.assetcatalog; path = Assets.xcassets; sourceTree = "<group>"; };
		542B60F9202ACE0500E00CA5 /* Base */ = {isa = PBXFileReference; lastKnownFileType = file.storyboard; name = Base; path = Base.lproj/LaunchScreen.storyboard; sourceTree = "<group>"; };
		542B60FB202ACE0500E00CA5 /* Info.plist */ = {isa = PBXFileReference; lastKnownFileType = text.plist.xml; path = Info.plist; sourceTree = "<group>"; };
		542B6100202ACE0500E00CA5 /* MappingTests.xctest */ = {isa = PBXFileReference; explicitFileType = wrapper.cfbundle; includeInIndex = 0; path = MappingTests.xctest; sourceTree = BUILT_PRODUCTS_DIR; };
		542B6104202ACE0500E00CA5 /* MappingTests.swift */ = {isa = PBXFileReference; lastKnownFileType = sourcecode.swift; path = MappingTests.swift; sourceTree = "<group>"; };
		542B6106202ACE0500E00CA5 /* Info.plist */ = {isa = PBXFileReference; lastKnownFileType = text.plist.xml; path = Info.plist; sourceTree = "<group>"; };
		542B610B202ACE0500E00CA5 /* MappingUITests.xctest */ = {isa = PBXFileReference; explicitFileType = wrapper.cfbundle; includeInIndex = 0; path = MappingUITests.xctest; sourceTree = BUILT_PRODUCTS_DIR; };
		542B610F202ACE0500E00CA5 /* MappingUITests.swift */ = {isa = PBXFileReference; lastKnownFileType = sourcecode.swift; path = MappingUITests.swift; sourceTree = "<group>"; };
		542B6111202ACE0500E00CA5 /* Info.plist */ = {isa = PBXFileReference; lastKnownFileType = text.plist.xml; path = Info.plist; sourceTree = "<group>"; };
/* End PBXFileReference section */

/* Begin PBXFrameworksBuildPhase section */
		542B60E9202ACE0500E00CA5 /* Frameworks */ = {
			isa = PBXFrameworksBuildPhase;
			buildActionMask = 2147483647;
			files = (
			);
			runOnlyForDeploymentPostprocessing = 0;
		};
		542B60FD202ACE0500E00CA5 /* Frameworks */ = {
			isa = PBXFrameworksBuildPhase;
			buildActionMask = 2147483647;
			files = (
			);
			runOnlyForDeploymentPostprocessing = 0;
		};
		542B6108202ACE0500E00CA5 /* Frameworks */ = {
			isa = PBXFrameworksBuildPhase;
			buildActionMask = 2147483647;
			files = (
			);
			runOnlyForDeploymentPostprocessing = 0;
		};
/* End PBXFrameworksBuildPhase section */

/* Begin PBXGroup section */
		542B60E3202ACE0500E00CA5 = {
			isa = PBXGroup;
			children = (
				542B60EE202ACE0500E00CA5 /* Mapping */,
				542B6103202ACE0500E00CA5 /* MappingTests */,
				542B610E202ACE0500E00CA5 /* MappingUITests */,
				542B60ED202ACE0500E00CA5 /* Products */,
			);
			sourceTree = "<group>";
		};
		542B60ED202ACE0500E00CA5 /* Products */ = {
			isa = PBXGroup;
			children = (
				542B60EC202ACE0500E00CA5 /* Mapping.app */,
				542B6100202ACE0500E00CA5 /* MappingTests.xctest */,
				542B610B202ACE0500E00CA5 /* MappingUITests.xctest */,
			);
			name = Products;
			sourceTree = "<group>";
		};
		542B60EE202ACE0500E00CA5 /* Mapping */ = {
			isa = PBXGroup;
			children = (
				542B60EF202ACE0500E00CA5 /* AppDelegate.swift */,
				542B60F1202ACE0500E00CA5 /* ViewController.swift */,
				542B60F3202ACE0500E00CA5 /* Main.storyboard */,
				542B60F6202ACE0500E00CA5 /* Assets.xcassets */,
				542B60F8202ACE0500E00CA5 /* LaunchScreen.storyboard */,
				542B60FB202ACE0500E00CA5 /* Info.plist */,
			);
			path = Mapping;
			sourceTree = "<group>";
		};
		542B6103202ACE0500E00CA5 /* MappingTests */ = {
			isa = PBXGroup;
			children = (
				542B6104202ACE0500E00CA5 /* MappingTests.swift */,
				542B6106202ACE0500E00CA5 /* Info.plist */,
			);
			path = MappingTests;
			sourceTree = "<group>";
		};
		542B610E202ACE0500E00CA5 /* MappingUITests */ = {
			isa = PBXGroup;
			children = (
				542B610F202ACE0500E00CA5 /* MappingUITests.swift */,
				542B6111202ACE0500E00CA5 /* Info.plist */,
			);
			path = MappingUITests;
			sourceTree = "<group>";
		};
/* End PBXGroup section */

/* Begin PBXNativeTarget section */
		542B60EB202ACE0500E00CA5 /* Mapping */ = {
			isa = PBXNativeTarget;
			buildConfigurationList = 542B6114202ACE0500E00CA5 /* Build configuration list for PBXNativeTarget "Mapping" */;
			buildPhases = (
				542B60E8202ACE0500E00CA5 /* Sources */,
				542B60E9202ACE0500E00CA5 /* Frameworks */,
				542B60EA202ACE0500E00CA5 /* Resources */,
			);
			buildRules = (
			);
			dependencies = (
			);
			name = Mapping;
			productName = Mapping;
			productReference = 542B60EC202ACE0500E00CA5 /* Mapping.app */;
			productType = "com.apple.product-type.application";
		};
		542B60FF202ACE0500E00CA5 /* MappingTests */ = {
			isa = PBXNativeTarget;
			buildConfigurationList = 542B6117202ACE0500E00CA5 /* Build configuration list for PBXNativeTarget "MappingTests" */;
			buildPhases = (
				542B60FC202ACE0500E00CA5 /* Sources */,
				542B60FD202ACE0500E00CA5 /* Frameworks */,
				542B60FE202ACE0500E00CA5 /* Resources */,
			);
			buildRules = (
			);
			dependencies = (
				542B6102202ACE0500E00CA5 /* PBXTargetDependency */,
			);
			name = MappingTests;
			productName = MappingTests;
			productReference = 542B6100202ACE0500E00CA5 /* MappingTests.xctest */;
			productType = "com.apple.product-type.bundle.unit-test";
		};
		542B610A202ACE0500E00CA5 /* MappingUITests */ = {
			isa = PBXNativeTarget;
			buildConfigurationList = 542B611A202ACE0500E00CA5 /* Build configuration list for PBXNativeTarget "MappingUITests" */;
			buildPhases = (
				542B6107202ACE0500E00CA5 /* Sources */,
				542B6108202ACE0500E00CA5 /* Frameworks */,
				542B6109202ACE0500E00CA5 /* Resources */,
			);
			buildRules = (
			);
			dependencies = (
				542B610D202ACE0500E00CA5 /* PBXTargetDependency */,
			);
			name = MappingUITests;
			productName = MappingUITests;
			productReference = 542B610B202ACE0500E00CA5 /* MappingUITests.xctest */;
			productType = "com.apple.product-type.bundle.ui-testing";
		};
/* End PBXNativeTarget section */

/* Begin PBXProject section */
		542B60E4202ACE0500E00CA5 /* Project object */ = {
			isa = PBXProject;
			attributes = {
				LastSwiftUpdateCheck = 0920;
				LastUpgradeCheck = 0920;
				ORGANIZATIONNAME = "Andrei Villasana";
				TargetAttributes = {
					542B60EB202ACE0500E00CA5 = {
						CreatedOnToolsVersion = 9.2;
						ProvisioningStyle = Automatic;
					};
					542B60FF202ACE0500E00CA5 = {
						CreatedOnToolsVersion = 9.2;
						ProvisioningStyle = Automatic;
						TestTargetID = 542B60EB202ACE0500E00CA5;
					};
					542B610A202ACE0500E00CA5 = {
						CreatedOnToolsVersion = 9.2;
						ProvisioningStyle = Automatic;
						TestTargetID = 542B60EB202ACE0500E00CA5;
					};
				};
			};
			buildConfigurationList = 542B60E7202ACE0500E00CA5 /* Build configuration list for PBXProject "Mapping" */;
			compatibilityVersion = "Xcode 8.0";
			developmentRegion = en;
			hasScannedForEncodings = 0;
			knownRegions = (
				en,
				Base,
			);
			mainGroup = 542B60E3202ACE0500E00CA5;
			productRefGroup = 542B60ED202ACE0500E00CA5 /* Products */;
			projectDirPath = "";
			projectRoot = "";
			targets = (
				542B60EB202ACE0500E00CA5 /* Mapping */,
				542B60FF202ACE0500E00CA5 /* MappingTests */,
				542B610A202ACE0500E00CA5 /* MappingUITests */,
			);
		};
/* End PBXProject section */

/* Begin PBXResourcesBuildPhase section */
		542B60EA202ACE0500E00CA5 /* Resources */ = {
			isa = PBXResourcesBuildPhase;
			buildActionMask = 2147483647;
			files = (
				542B60FA202ACE0500E00CA5 /* LaunchScreen.storyboard in Resources */,
				542B60F7202ACE0500E00CA5 /* Assets.xcassets in Resources */,
				542B60F5202ACE0500E00CA5 /* Main.storyboard in Resources */,
			);
			runOnlyForDeploymentPostprocessing = 0;
		};
		542B60FE202ACE0500E00CA5 /* Resources */ = {
			isa = PBXResourcesBuildPhase;
			buildActionMask = 2147483647;
			files = (
			);
			runOnlyForDeploymentPostprocessing = 0;
		};
		542B6109202ACE0500E00CA5 /* Resources */ = {
			isa = PBXResourcesBuildPhase;
			buildActionMask = 2147483647;
			files = (
			);
			runOnlyForDeploymentPostprocessing = 0;
		};
/* End PBXResourcesBuildPhase section */

/* Begin PBXSourcesBuildPhase section */
		542B60E8202ACE0500E00CA5 /* Sources */ = {
			isa = PBXSourcesBuildPhase;
			buildActionMask = 2147483647;
			files = (
				542B60F2202ACE0500E00CA5 /* ViewController.swift in Sources */,
				542B60F0202ACE0500E00CA5 /* AppDelegate.swift in Sources */,
			);
			runOnlyForDeploymentPostprocessing = 0;
		};
		542B60FC202ACE0500E00CA5 /* Sources */ = {
			isa = PBXSourcesBuildPhase;
			buildActionMask = 2147483647;
			files = (
				542B6105202ACE0500E00CA5 /* MappingTests.swift in Sources */,
			);
			runOnlyForDeploymentPostprocessing = 0;
		};
		542B6107202ACE0500E00CA5 /* Sources */ = {
			isa = PBXSourcesBuildPhase;
			buildActionMask = 2147483647;
			files = (
				542B6110202ACE0500E00CA5 /* MappingUITests.swift in Sources */,
			);
			runOnlyForDeploymentPostprocessing = 0;
		};
/* End PBXSourcesBuildPhase section */

/* Begin PBXTargetDependency section */
		542B6102202ACE0500E00CA5 /* PBXTargetDependency */ = {
			isa = PBXTargetDependency;
			target = 542B60EB202ACE0500E00CA5 /* Mapping */;
			targetProxy = 542B6101202ACE0500E00CA5 /* PBXContainerItemProxy */;
		};
		542B610D202ACE0500E00CA5 /* PBXTargetDependency */ = {
			isa = PBXTargetDependency;
			target = 542B60EB202ACE0500E00CA5 /* Mapping */;
			targetProxy = 542B610C202ACE0500E00CA5 /* PBXContainerItemProxy */;
		};
/* End PBXTargetDependency section */

/* Begin PBXVariantGroup section */
		542B60F3202ACE0500E00CA5 /* Main.storyboard */ = {
			isa = PBXVariantGroup;
			children = (
				542B60F4202ACE0500E00CA5 /* Base */,
			);
			name = Main.storyboard;
			sourceTree = "<group>";
		};
		542B60F8202ACE0500E00CA5 /* LaunchScreen.storyboard */ = {
			isa = PBXVariantGroup;
			children = (
				542B60F9202ACE0500E00CA5 /* Base */,
			);
			name = LaunchScreen.storyboard;
			sourceTree = "<group>";
		};
/* End PBXVariantGroup section */

/* Begin XCBuildConfiguration section */
		542B6112202ACE0500E00CA5 /* Debug */ = {
			isa = XCBuildConfiguration;
			buildSettings = {
				ALWAYS_SEARCH_USER_PATHS = NO;
				CLANG_ANALYZER_NONNULL = YES;
				CLANG_ANALYZER_NUMBER_OBJECT_CONVERSION = YES_AGGRESSIVE;
				CLANG_CXX_LANGUAGE_STANDARD = "gnu++14";
				CLANG_CXX_LIBRARY = "libc++";
				CLANG_ENABLE_MODULES = YES;
				CLANG_ENABLE_OBJC_ARC = YES;
				CLANG_WARN_BLOCK_CAPTURE_AUTORELEASING = YES;
				CLANG_WARN_BOOL_CONVERSION = YES;
				CLANG_WARN_COMMA = YES;
				CLANG_WARN_CONSTANT_CONVERSION = YES;
				CLANG_WARN_DIRECT_OBJC_ISA_USAGE = YES_ERROR;
				CLANG_WARN_DOCUMENTATION_COMMENTS = YES;
				CLANG_WARN_EMPTY_BODY = YES;
				CLANG_WARN_ENUM_CONVERSION = YES;
				CLANG_WARN_INFINITE_RECURSION = YES;
				CLANG_WARN_INT_CONVERSION = YES;
				CLANG_WARN_NON_LITERAL_NULL_CONVERSION = YES;
				CLANG_WARN_OBJC_LITERAL_CONVERSION = YES;
				CLANG_WARN_OBJC_ROOT_CLASS = YES_ERROR;
				CLANG_WARN_RANGE_LOOP_ANALYSIS = YES;
				CLANG_WARN_STRICT_PROTOTYPES = YES;
				CLANG_WARN_SUSPICIOUS_MOVE = YES;
				CLANG_WARN_UNGUARDED_AVAILABILITY = YES_AGGRESSIVE;
				CLANG_WARN_UNREACHABLE_CODE = YES;
				CLANG_WARN__DUPLICATE_METHOD_MATCH = YES;
				CODE_SIGN_IDENTITY = "iPhone Developer";
				COPY_PHASE_STRIP = NO;
				DEBUG_INFORMATION_FORMAT = dwarf;
				ENABLE_STRICT_OBJC_MSGSEND = YES;
				ENABLE_TESTABILITY = YES;
				GCC_C_LANGUAGE_STANDARD = gnu11;
				GCC_DYNAMIC_NO_PIC = NO;
				GCC_NO_COMMON_BLOCKS = YES;
				GCC_OPTIMIZATION_LEVEL = 0;
				GCC_PREPROCESSOR_DEFINITIONS = (
					"DEBUG=1",
					"$(inherited)",
				);
				GCC_WARN_64_TO_32_BIT_CONVERSION = YES;
				GCC_WARN_ABOUT_RETURN_TYPE = YES_ERROR;
				GCC_WARN_UNDECLARED_SELECTOR = YES;
				GCC_WARN_UNINITIALIZED_AUTOS = YES_AGGRESSIVE;
				GCC_WARN_UNUSED_FUNCTION = YES;
				GCC_WARN_UNUSED_VARIABLE = YES;
				IPHONEOS_DEPLOYMENT_TARGET = 11.2;
				MTL_ENABLE_DEBUG_INFO = YES;
				ONLY_ACTIVE_ARCH = YES;
				SDKROOT = iphoneos;
				SWIFT_ACTIVE_COMPILATION_CONDITIONS = DEBUG;
				SWIFT_OPTIMIZATION_LEVEL = "-Onone";
			};
			name = Debug;
		};
		542B6113202ACE0500E00CA5 /* Release */ = {
			isa = XCBuildConfiguration;
			buildSettings = {
				ALWAYS_SEARCH_USER_PATHS = NO;
				CLANG_ANALYZER_NONNULL = YES;
				CLANG_ANALYZER_NUMBER_OBJECT_CONVERSION = YES_AGGRESSIVE;
				CLANG_CXX_LANGUAGE_STANDARD = "gnu++14";
				CLANG_CXX_LIBRARY = "libc++";
				CLANG_ENABLE_MODULES = YES;
				CLANG_ENABLE_OBJC_ARC = YES;
				CLANG_WARN_BLOCK_CAPTURE_AUTORELEASING = YES;
				CLANG_WARN_BOOL_CONVERSION = YES;
				CLANG_WARN_COMMA = YES;
				CLANG_WARN_CONSTANT_CONVERSION = YES;
				CLANG_WARN_DIRECT_OBJC_ISA_USAGE = YES_ERROR;
				CLANG_WARN_DOCUMENTATION_COMMENTS = YES;
				CLANG_WARN_EMPTY_BODY = YES;
				CLANG_WARN_ENUM_CONVERSION = YES;
				CLANG_WARN_INFINITE_RECURSION = YES;
				CLANG_WARN_INT_CONVERSION = YES;
				CLANG_WARN_NON_LITERAL_NULL_CONVERSION = YES;
				CLANG_WARN_OBJC_LITERAL_CONVERSION = YES;
				CLANG_WARN_OBJC_ROOT_CLASS = YES_ERROR;
				CLANG_WARN_RANGE_LOOP_ANALYSIS = YES;
				CLANG_WARN_STRICT_PROTOTYPES = YES;
				CLANG_WARN_SUSPICIOUS_MOVE = YES;
				CLANG_WARN_UNGUARDED_AVAILABILITY = YES_AGGRESSIVE;
				CLANG_WARN_UNREACHABLE_CODE = YES;
				CLANG_WARN__DUPLICATE_METHOD_MATCH = YES;
				CODE_SIGN_IDENTITY = "iPhone Developer";
				COPY_PHASE_STRIP = NO;
				DEBUG_INFORMATION_FORMAT = "dwarf-with-dsym";
				ENABLE_NS_ASSERTIONS = NO;
				ENABLE_STRICT_OBJC_MSGSEND = YES;
				GCC_C_LANGUAGE_STANDARD = gnu11;
				GCC_NO_COMMON_BLOCKS = YES;
				GCC_WARN_64_TO_32_BIT_CONVERSION = YES;
				GCC_WARN_ABOUT_RETURN_TYPE = YES_ERROR;
				GCC_WARN_UNDECLARED_SELECTOR = YES;
				GCC_WARN_UNINITIALIZED_AUTOS = YES_AGGRESSIVE;
				GCC_WARN_UNUSED_FUNCTION = YES;
				GCC_WARN_UNUSED_VARIABLE = YES;
				IPHONEOS_DEPLOYMENT_TARGET = 11.2;
				MTL_ENABLE_DEBUG_INFO = NO;
				SDKROOT = iphoneos;
				SWIFT_OPTIMIZATION_LEVEL = "-Owholemodule";
				VALIDATE_PRODUCT = YES;
			};
			name = Release;
		};
		542B6115202ACE0500E00CA5 /* Debug */ = {
			isa = XCBuildConfiguration;
			buildSettings = {
				ASSETCATALOG_COMPILER_APPICON_NAME = AppIcon;
				CODE_SIGN_STYLE = Automatic;
				DEVELOPMENT_TEAM = BJE27J35HP;
				INFOPLIST_FILE = Mapping/Info.plist;
				LD_RUNPATH_SEARCH_PATHS = "$(inherited) @executable_path/Frameworks";
				PRODUCT_BUNDLE_IDENTIFIER = com.colourhood.Mapping;
				PRODUCT_NAME = "$(TARGET_NAME)";
				SWIFT_VERSION = 4.0;
				TARGETED_DEVICE_FAMILY = "1,2";
			};
			name = Debug;
		};
		542B6116202ACE0500E00CA5 /* Release */ = {
			isa = XCBuildConfiguration;
			buildSettings = {
				ASSETCATALOG_COMPILER_APPICON_NAME = AppIcon;
				CODE_SIGN_STYLE = Automatic;
				DEVELOPMENT_TEAM = BJE27J35HP;
				INFOPLIST_FILE = Mapping/Info.plist;
				LD_RUNPATH_SEARCH_PATHS = "$(inherited) @executable_path/Frameworks";
				PRODUCT_BUNDLE_IDENTIFIER = com.colourhood.Mapping;
				PRODUCT_NAME = "$(TARGET_NAME)";
				SWIFT_VERSION = 4.0;
				TARGETED_DEVICE_FAMILY = "1,2";
			};
			name = Release;
		};
		542B6118202ACE0500E00CA5 /* Debug */ = {
			isa = XCBuildConfiguration;
			buildSettings = {
				ALWAYS_EMBED_SWIFT_STANDARD_LIBRARIES = YES;
				BUNDLE_LOADER = "$(TEST_HOST)";
				CODE_SIGN_STYLE = Automatic;
				DEVELOPMENT_TEAM = BJE27J35HP;
				INFOPLIST_FILE = MappingTests/Info.plist;
				LD_RUNPATH_SEARCH_PATHS = "$(inherited) @executable_path/Frameworks @loader_path/Frameworks";
				PRODUCT_BUNDLE_IDENTIFIER = com.colourhood.MappingTests;
				PRODUCT_NAME = "$(TARGET_NAME)";
				SWIFT_VERSION = 4.0;
				TARGETED_DEVICE_FAMILY = "1,2";
				TEST_HOST = "$(BUILT_PRODUCTS_DIR)/Mapping.app/Mapping";
			};
			name = Debug;
		};
		542B6119202ACE0500E00CA5 /* Release */ = {
			isa = XCBuildConfiguration;
			buildSettings = {
				ALWAYS_EMBED_SWIFT_STANDARD_LIBRARIES = YES;
				BUNDLE_LOADER = "$(TEST_HOST)";
				CODE_SIGN_STYLE = Automatic;
				DEVELOPMENT_TEAM = BJE27J35HP;
				INFOPLIST_FILE = MappingTests/Info.plist;
				LD_RUNPATH_SEARCH_PATHS = "$(inherited) @executable_path/Frameworks @loader_path/Frameworks";
				PRODUCT_BUNDLE_IDENTIFIER = com.colourhood.MappingTests;
				PRODUCT_NAME = "$(TARGET_NAME)";
				SWIFT_VERSION = 4.0;
				TARGETED_DEVICE_FAMILY = "1,2";
				TEST_HOST = "$(BUILT_PRODUCTS_DIR)/Mapping.app/Mapping";
			};
			name = Release;
		};
		542B611B202ACE0500E00CA5 /* Debug */ = {
			isa = XCBuildConfiguration;
			buildSettings = {
				ALWAYS_EMBED_SWIFT_STANDARD_LIBRARIES = YES;
				CODE_SIGN_STYLE = Automatic;
				DEVELOPMENT_TEAM = BJE27J35HP;
				INFOPLIST_FILE = MappingUITests/Info.plist;
				LD_RUNPATH_SEARCH_PATHS = "$(inherited) @executable_path/Frameworks @loader_path/Frameworks";
				PRODUCT_BUNDLE_IDENTIFIER = com.colourhood.MappingUITests;
				PRODUCT_NAME = "$(TARGET_NAME)";
				SWIFT_VERSION = 4.0;
				TARGETED_DEVICE_FAMILY = "1,2";
				TEST_TARGET_NAME = Mapping;
			};
			name = Debug;
		};
		542B611C202ACE0500E00CA5 /* Release */ = {
			isa = XCBuildConfiguration;
			buildSettings = {
				ALWAYS_EMBED_SWIFT_STANDARD_LIBRARIES = YES;
				CODE_SIGN_STYLE = Automatic;
				DEVELOPMENT_TEAM = BJE27J35HP;
				INFOPLIST_FILE = MappingUITests/Info.plist;
				LD_RUNPATH_SEARCH_PATHS = "$(inherited) @executable_path/Frameworks @loader_path/Frameworks";
				PRODUCT_BUNDLE_IDENTIFIER = com.colourhood.MappingUITests;
				PRODUCT_NAME = "$(TARGET_NAME)";
				SWIFT_VERSION = 4.0;
				TARGETED_DEVICE_FAMILY = "1,2";
				TEST_TARGET_NAME = Mapping;
			};
			name = Release;
		};
/* End XCBuildConfiguration section */

/* Begin XCConfigurationList section */
		542B60E7202ACE0500E00CA5 /* Build configuration list for PBXProject "Mapping" */ = {
			isa = XCConfigurationList;
			buildConfigurations = (
				542B6112202ACE0500E00CA5 /* Debug */,
				542B6113202ACE0500E00CA5 /* Release */,
			);
			defaultConfigurationIsVisible = 0;
			defaultConfigurationName = Release;
		};
		542B6114202ACE0500E00CA5 /* Build configuration list for PBXNativeTarget "Mapping" */ = {
			isa = XCConfigurationList;
			buildConfigurations = (
				542B6115202ACE0500E00CA5 /* Debug */,
				542B6116202ACE0500E00CA5 /* Release */,
			);
			defaultConfigurationIsVisible = 0;
			defaultConfigurationName = Release;
		};
		542B6117202ACE0500E00CA5 /* Build configuration list for PBXNativeTarget "MappingTests" */ = {
			isa = XCConfigurationList;
			buildConfigurations = (
				542B6118202ACE0500E00CA5 /* Debug */,
				542B6119202ACE0500E00CA5 /* Release */,
			);
			defaultConfigurationIsVisible = 0;
			defaultConfigurationName = Release;
		};
		542B611A202ACE0500E00CA5 /* Build configuration list for PBXNativeTarget "MappingUITests" */ = {
			isa = XCConfigurationList;
			buildConfigurations = (
				542B611B202ACE0500E00CA5 /* Debug */,
				542B611C202ACE0500E00CA5 /* Release */,
			);
			defaultConfigurationIsVisible = 0;
			defaultConfigurationName = Release;
		};
/* End XCConfigurationList section */
	};
	rootObject = 542B60E4202ACE0500E00CA5 /* Project object */;
}
